
Microsoft Visual Studio Solution File, Format Version 12.00
# Visual Studio Version 17
VisualStudioVersion = 17.0.31903.59
MinimumVisualStudioVersion = 10.0.40219.1
Project("{9A19103F-16F7-4668-BE54-9A1E7A4F7556}") = "ValidateTheNameModelBinding", "InvarianceDTOandModel\ValidateTheNameModelBinding.csproj", "{72A89E97-2798-4B2B-BFA7-32996E0730B5}"
EndProject
Project("{9A19103F-16F7-4668-BE54-9A1E7A4F7556}") = "UnitTests", "Test\UnitTests.csproj", "{5BB76077-B652-4089-B119-E80591E8BCC0}"
EndProject
Global
	GlobalSection(SolutionConfigurationPlatforms) = preSolution
		Debug|Any CPU = Debug|Any CPU
		Release|Any CPU = Release|Any CPU
	EndGlobalSection
	GlobalSection(ProjectConfigurationPlatforms) = postSolution
		{72A89E97-2798-4B2B-BFA7-32996E0730B5}.Debug|Any CPU.ActiveCfg = Debug|Any CPU
		{72A89E97-2798-4B2B-BFA7-32996E0730B5}.Debug|Any CPU.Build.0 = Debug|Any CPU
		{72A89E97-2798-4B2B-BFA7-32996E0730B5}.Release|Any CPU.ActiveCfg = Release|Any CPU
		{72A89E97-2798-4B2B-BFA7-32996E0730B5}.Release|Any CPU.Build.0 = Release|Any CPU
		{5BB76077-B652-4089-B119-E80591E8BCC0}.Debug|Any CPU.ActiveCfg = Debug|Any CPU
		{5BB76077-B652-4089-B119-E80591E8BCC0}.Debug|Any CPU.Build.0 = Debug|Any CPU
		{5BB76077-B652-4089-B119-E80591E8BCC0}.Release|Any CPU.ActiveCfg = Release|Any CPU
		{5BB76077-B652-4089-B119-E80591E8BCC0}.Release|Any CPU.Build.0 = Release|Any CPU
	EndGlobalSection
	GlobalSection(SolutionProperties) = preSolution
		HideSolutionNode = FALSE
	EndGlobalSection
EndGlobal
